# This file is automatically @generated by Cargo.
# It is not intended for manual editing.
version = 4

[[package]]
name = "nucleus-agent-adapters"
version = "0.0.0"
dependencies = [
 "nucleus-agent-protocol",
]

[[package]]
name = "nucleus-agent-protocol"
version = "0.0.0"

[[package]]
name = "nucleus-command-policy"
version = "0.0.0"

[[package]]
name = "nucleus-contract-fixtures"
version = "0.0.0"
dependencies = [
 "nucleus-command-policy",
 "nucleus-scm-forge",
 "nucleus-tasks",
]

[[package]]
name = "nucleus-core"
version = "0.0.0"

[[package]]
name = "nucleus-native-harness"
version = "0.0.0"
dependencies = [
 "nucleus-agent-protocol",
]

[[package]]
name = "nucleus-projects"
version = "0.0.0"
dependencies = [
 "nucleus-core",
]

[[package]]
name = "nucleus-scm-forge"
version = "0.0.0"
dependencies = [
 "nucleus-command-policy",
 "nucleus-projects",
 "nucleus-tasks",
]

[[package]]
name = "nucleus-server"
version = "0.0.0"
dependencies = [
 "nucleus-agent-protocol",
 "nucleus-projects",
 "nucleus-tasks",
 "nucleus-workspaces",
]

[[package]]
name = "nucleus-tasks"
version = "0.0.0"
dependencies = [
 "nucleus-agent-protocol",
 "nucleus-core",
 "nucleus-projects",
]

[[package]]
name = "nucleus-workspaces"
version = "0.0.0"
dependencies = [
 "nucleus-projects",
]
